// !$*UTF8*$!
{
	archiveVersion = 1;
	classes = {
	};
	objectVersion = 50;
	objects = {

/* Begin PBXBuildFile section */
		74B37B202697196900FA8694 /* ResultViewController.swift in Sources */ = {isa = PBXBuildFile; fileRef = 74B37B1F2697196900FA8694 /* ResultViewController.swift */; };
		A20828ED26941E3A00290EC4 /* SettingsViewController.swift in Sources */ = {isa = PBXBuildFile; fileRef = A20828EC26941E3A00290EC4 /* SettingsViewController.swift */; };
		A22C27B02697546E005E343A /* Cubic.swift in Sources */ = {isa = PBXBuildFile; fileRef = A22C27AF2697546E005E343A /* Cubic.swift */; };
		A27138B42693861E00407B52 /* InfoViewController.swift in Sources */ = {isa = PBXBuildFile; fileRef = A27138B32693861E00407B52 /* InfoViewController.swift */; };
		A2C173CD26936FA800FBD8EC /* AppDelegate.swift in Sources */ = {isa = PBXBuildFile; fileRef = A2C173CC26936FA800FBD8EC /* AppDelegate.swift */; };
		A2C173CF26936FA800FBD8EC /* SceneDelegate.swift in Sources */ = {isa = PBXBuildFile; fileRef = A2C173CE26936FA800FBD8EC /* SceneDelegate.swift */; };
		A2C173D126936FA800FBD8EC /* ViewController.swift in Sources */ = {isa = PBXBuildFile; fileRef = A2C173D026936FA800FBD8EC /* ViewController.swift */; };
		A2C173D426936FA800FBD8EC /* Main.storyboard in Resources */ = {isa = PBXBuildFile; fileRef = A2C173D226936FA800FBD8EC /* Main.storyboard */; };
		A2C173D626936FA900FBD8EC /* Assets.xcassets in Resources */ = {isa = PBXBuildFile; fileRef = A2C173D526936FA900FBD8EC /* Assets.xcassets */; };
		A2C173D926936FA900FBD8EC /* LaunchScreen.storyboard in Resources */ = {isa = PBXBuildFile; fileRef = A2C173D726936FA900FBD8EC /* LaunchScreen.storyboard */; };
		A2C173EA2693713A00FBD8EC /* GameStoryboard.storyboard in Resources */ = {isa = PBXBuildFile; fileRef = A2C173E92693713A00FBD8EC /* GameStoryboard.storyboard */; };
		A2C173EC2693714800FBD8EC /* ResultStoryboard.storyboard in Resources */ = {isa = PBXBuildFile; fileRef = A2C173EB2693714800FBD8EC /* ResultStoryboard.storyboard */; };
		A2C173EE2693739300FBD8EC /* SettingsStoryboard.storyboard in Resources */ = {isa = PBXBuildFile; fileRef = A2C173ED2693739300FBD8EC /* SettingsStoryboard.storyboard */; };
		B96677EF2694AE7B0096E66B /* GameViewController.swift in Sources */ = {isa = PBXBuildFile; fileRef = B96677EE2694AE7B0096E66B /* GameViewController.swift */; };
		B96677F22694B0070096E66B /* RoundedUIViews.swift in Sources */ = {isa = PBXBuildFile; fileRef = B96677F02694B0070096E66B /* RoundedUIViews.swift */; };
		B96677F32694B0070096E66B /* GameData.swift in Sources */ = {isa = PBXBuildFile; fileRef = B96677F12694B0070096E66B /* GameData.swift */; };
/* End PBXBuildFile section */

/* Begin PBXFileReference section */
		74B37B1F2697196900FA8694 /* ResultViewController.swift */ = {isa = PBXFileReference; fileEncoding = 4; lastKnownFileType = sourcecode.swift; path = ResultViewController.swift; sourceTree = "<group>"; };
		A20828EC26941E3A00290EC4 /* SettingsViewController.swift */ = {isa = PBXFileReference; lastKnownFileType = sourcecode.swift; path = SettingsViewController.swift; sourceTree = "<group>"; };
		A22C27AF2697546E005E343A /* Cubic.swift */ = {isa = PBXFileReference; lastKnownFileType = sourcecode.swift; path = Cubic.swift; sourceTree = "<group>"; };
		A27138B32693861E00407B52 /* InfoViewController.swift */ = {isa = PBXFileReference; lastKnownFileType = sourcecode.swift; path = InfoViewController.swift; sourceTree = "<group>"; };
		A2C173C926936FA800FBD8EC /* Tabu.app */ = {isa = PBXFileReference; explicitFileType = wrapper.application; includeInIndex = 0; path = Tabu.app; sourceTree = BUILT_PRODUCTS_DIR; };
		A2C173CC26936FA800FBD8EC /* AppDelegate.swift */ = {isa = PBXFileReference; lastKnownFileType = sourcecode.swift; path = AppDelegate.swift; sourceTree = "<group>"; };
		A2C173CE26936FA800FBD8EC /* SceneDelegate.swift */ = {isa = PBXFileReference; lastKnownFileType = sourcecode.swift; path = SceneDelegate.swift; sourceTree = "<group>"; };
		A2C173D026936FA800FBD8EC /* ViewController.swift */ = {isa = PBXFileReference; lastKnownFileType = sourcecode.swift; path = ViewController.swift; sourceTree = "<group>"; };
		A2C173D326936FA800FBD8EC /* Base */ = {isa = PBXFileReference; lastKnownFileType = file.storyboard; name = Base; path = Base.lproj/Main.storyboard; sourceTree = "<group>"; };
		A2C173D526936FA900FBD8EC /* Assets.xcassets */ = {isa = PBXFileReference; lastKnownFileType = folder.assetcatalog; path = Assets.xcassets; sourceTree = "<group>"; };
		A2C173D826936FA900FBD8EC /* Base */ = {isa = PBXFileReference; lastKnownFileType = file.storyboard; name = Base; path = Base.lproj/LaunchScreen.storyboard; sourceTree = "<group>"; };
		A2C173DA26936FA900FBD8EC /* Info.plist */ = {isa = PBXFileReference; lastKnownFileType = text.plist.xml; path = Info.plist; sourceTree = "<group>"; };
		A2C173E92693713A00FBD8EC /* GameStoryboard.storyboard */ = {isa = PBXFileReference; lastKnownFileType = file.storyboard; path = GameStoryboard.storyboard; sourceTree = "<group>"; };
		A2C173EB2693714800FBD8EC /* ResultStoryboard.storyboard */ = {isa = PBXFileReference; lastKnownFileType = file.storyboard; path = ResultStoryboard.storyboard; sourceTree = "<group>"; };
		A2C173ED2693739300FBD8EC /* SettingsStoryboard.storyboard */ = {isa = PBXFileReference; lastKnownFileType = file.storyboard; path = SettingsStoryboard.storyboard; sourceTree = "<group>"; };
		B96677EE2694AE7B0096E66B /* GameViewController.swift */ = {isa = PBXFileReference; lastKnownFileType = sourcecode.swift; path = GameViewController.swift; sourceTree = "<group>"; };
		B96677F02694B0070096E66B /* RoundedUIViews.swift */ = {isa = PBXFileReference; fileEncoding = 4; lastKnownFileType = sourcecode.swift; path = RoundedUIViews.swift; sourceTree = "<group>"; };
		B96677F12694B0070096E66B /* GameData.swift */ = {isa = PBXFileReference; fileEncoding = 4; lastKnownFileType = sourcecode.swift; path = GameData.swift; sourceTree = "<group>"; };
/* End PBXFileReference section */

/* Begin PBXFrameworksBuildPhase section */
		A2C173C626936FA800FBD8EC /* Frameworks */ = {
			isa = PBXFrameworksBuildPhase;
			buildActionMask = 2147483647;
			files = (
			);
			runOnlyForDeploymentPostprocessing = 0;
		};
/* End PBXFrameworksBuildPhase section */

/* Begin PBXGroup section */
		A2C173C026936FA800FBD8EC = {
			isa = PBXGroup;
			children = (
				A2C173CB26936FA800FBD8EC /* Tabu */,
				A2C173CA26936FA800FBD8EC /* Products */,
			);
			sourceTree = "<group>";
		};
		A2C173CA26936FA800FBD8EC /* Products */ = {
			isa = PBXGroup;
			children = (
				A2C173C926936FA800FBD8EC /* Tabu.app */,
			);
			name = Products;
			sourceTree = "<group>";
		};
		A2C173CB26936FA800FBD8EC /* Tabu */ = {
			isa = PBXGroup;
			children = (
				A2C173E026936FC600FBD8EC /* MainScreen */,
				A2C173E226936FF500FBD8EC /* SettingsScreen */,
				A2C173E32693701600FBD8EC /* GameScreen */,
				A2C173E42693702300FBD8EC /* ResultScreen */,
				A2C173CC26936FA800FBD8EC /* AppDelegate.swift */,
				A2C173CE26936FA800FBD8EC /* SceneDelegate.swift */,
				A2C173D526936FA900FBD8EC /* Assets.xcassets */,
				A2C173D726936FA900FBD8EC /* LaunchScreen.storyboard */,
				A2C173DA26936FA900FBD8EC /* Info.plist */,
			);
			path = Tabu;
			sourceTree = "<group>";
		};
		A2C173E026936FC600FBD8EC /* MainScreen */ = {
			isa = PBXGroup;
			children = (
				A2C173D026936FA800FBD8EC /* ViewController.swift */,
				A27138B32693861E00407B52 /* InfoViewController.swift */,
				A2C173D226936FA800FBD8EC /* Main.storyboard */,
			);
			path = MainScreen;
			sourceTree = "<group>";
		};
		A2C173E226936FF500FBD8EC /* SettingsScreen */ = {
			isa = PBXGroup;
			children = (
				A2C173ED2693739300FBD8EC /* SettingsStoryboard.storyboard */,
				A20828EC26941E3A00290EC4 /* SettingsViewController.swift */,
				A22C27AF2697546E005E343A /* Cubic.swift */,
			);
			path = SettingsScreen;
			sourceTree = "<group>";
		};
		A2C173E32693701600FBD8EC /* GameScreen */ = {
			isa = PBXGroup;
			children = (
				B96677F12694B0070096E66B /* GameData.swift */,
				B96677F02694B0070096E66B /* RoundedUIViews.swift */,
				A2C173E92693713A00FBD8EC /* GameStoryboard.storyboard */,
				B96677EE2694AE7B0096E66B /* GameViewController.swift */,
			);
			path = GameScreen;
			sourceTree = "<group>";
		};
		A2C173E42693702300FBD8EC /* ResultScreen */ = {
			isa = PBXGroup;
			children = (
				74B37B1F2697196900FA8694 /* ResultViewController.swift */,
				A2C173EB2693714800FBD8EC /* ResultStoryboard.storyboard */,
			);
			path = ResultScreen;
			sourceTree = "<group>";
		};
/* End PBXGroup section */

/* Begin PBXNativeTarget section */
		A2C173C826936FA800FBD8EC /* Tabu */ = {
			isa = PBXNativeTarget;
			buildConfigurationList = A2C173DD26936FA900FBD8EC /* Build configuration list for PBXNativeTarget "Tabu" */;
			buildPhases = (
				A2C173C526936FA800FBD8EC /* Sources */,
				A2C173C626936FA800FBD8EC /* Frameworks */,
				A2C173C726936FA800FBD8EC /* Resources */,
			);
			buildRules = (
			);
			dependencies = (
			);
			name = Tabu;
			productName = Tabu;
			productReference = A2C173C926936FA800FBD8EC /* Tabu.app */;
			productType = "com.apple.product-type.application";
		};
/* End PBXNativeTarget section */

/* Begin PBXProject section */
		A2C173C126936FA800FBD8EC /* Project object */ = {
			isa = PBXProject;
			attributes = {
				LastSwiftUpdateCheck = 1250;
				LastUpgradeCheck = 1250;
				TargetAttributes = {
					A2C173C826936FA800FBD8EC = {
						CreatedOnToolsVersion = 12.5.1;
					};
				};
			};
			buildConfigurationList = A2C173C426936FA800FBD8EC /* Build configuration list for PBXProject "Tabu" */;
			compatibilityVersion = "Xcode 9.3";
			developmentRegion = en;
			hasScannedForEncodings = 0;
			knownRegions = (
				en,
				Base,
			);
			mainGroup = A2C173C026936FA800FBD8EC;
			productRefGroup = A2C173CA26936FA800FBD8EC /* Products */;
			projectDirPath = "";
			projectRoot = "";
			targets = (
				A2C173C826936FA800FBD8EC /* Tabu */,
			);
		};
/* End PBXProject section */

/* Begin PBXResourcesBuildPhase section */
		A2C173C726936FA800FBD8EC /* Resources */ = {
			isa = PBXResourcesBuildPhase;
			buildActionMask = 2147483647;
			files = (
				A2C173EE2693739300FBD8EC /* SettingsStoryboard.storyboard in Resources */,
				A2C173D926936FA900FBD8EC /* LaunchScreen.storyboard in Resources */,
				A2C173EA2693713A00FBD8EC /* GameStoryboard.storyboard in Resources */,
				A2C173EC2693714800FBD8EC /* ResultStoryboard.storyboard in Resources */,
				A2C173D626936FA900FBD8EC /* Assets.xcassets in Resources */,
				A2C173D426936FA800FBD8EC /* Main.storyboard in Resources */,
			);
			runOnlyForDeploymentPostprocessing = 0;
		};
/* End PBXResourcesBuildPhase section */

/* Begin PBXSourcesBuildPhase section */
		A2C173C526936FA800FBD8EC /* Sources */ = {
			isa = PBXSourcesBuildPhase;
			buildActionMask = 2147483647;
			files = (
				B96677EF2694AE7B0096E66B /* GameViewController.swift in Sources */,
				B96677F32694B0070096E66B /* GameData.swift in Sources */,
				B96677F22694B0070096E66B /* RoundedUIViews.swift in Sources */,
				A2C173D126936FA800FBD8EC /* ViewController.swift in Sources */,
				A2C173CD26936FA800FBD8EC /* AppDelegate.swift in Sources */,
				A27138B42693861E00407B52 /* InfoViewController.swift in Sources */,
				A2C173CF26936FA800FBD8EC /* SceneDelegate.swift in Sources */,
				A20828ED26941E3A00290EC4 /* SettingsViewController.swift in Sources */,
				A22C27B02697546E005E343A /* Cubic.swift in Sources */,
				74B37B202697196900FA8694 /* ResultViewController.swift in Sources */,
			);
			runOnlyForDeploymentPostprocessing = 0;
		};
/* End PBXSourcesBuildPhase section */

/* Begin PBXVariantGroup section */
		A2C173D226936FA800FBD8EC /* Main.storyboard */ = {
			isa = PBXVariantGroup;
			children = (
				A2C173D326936FA800FBD8EC /* Base */,
			);
			name = Main.storyboard;
			sourceTree = "<group>";
		};
		A2C173D726936FA900FBD8EC /* LaunchScreen.storyboard */ = {
			isa = PBXVariantGroup;
			children = (
				A2C173D826936FA900FBD8EC /* Base */,
			);
			name = LaunchScreen.storyboard;
			sourceTree = "<group>";
		};
/* End PBXVariantGroup section */

/* Begin XCBuildConfiguration section */
		A2C173DB26936FA900FBD8EC /* Debug */ = {
			isa = XCBuildConfiguration;
			buildSettings = {
				ALWAYS_SEARCH_USER_PATHS = NO;
				CLANG_ANALYZER_NONNULL = YES;
				CLANG_ANALYZER_NUMBER_OBJECT_CONVERSION = YES_AGGRESSIVE;
				CLANG_CXX_LANGUAGE_STANDARD = "gnu++14";
				CLANG_CXX_LIBRARY = "libc++";
				CLANG_ENABLE_MODULES = YES;
				CLANG_ENABLE_OBJC_ARC = YES;
				CLANG_ENABLE_OBJC_WEAK = YES;
				CLANG_WARN_BLOCK_CAPTURE_AUTORELEASING = YES;
				CLANG_WARN_BOOL_CONVERSION = YES;
				CLANG_WARN_COMMA = YES;
				CLANG_WARN_CONSTANT_CONVERSION = YES;
				CLANG_WARN_DEPRECATED_OBJC_IMPLEMENTATIONS = YES;
				CLANG_WARN_DIRECT_OBJC_ISA_USAGE = YES_ERROR;
				CLANG_WARN_DOCUMENTATION_COMMENTS = YES;
				CLANG_WARN_EMPTY_BODY = YES;
				CLANG_WARN_ENUM_CONVERSION = YES;
				CLANG_WARN_INFINITE_RECURSION = YES;
				CLANG_WARN_INT_CONVERSION = YES;
				CLANG_WARN_NON_LITERAL_NULL_CONVERSION = YES;
				CLANG_WARN_OBJC_IMPLICIT_RETAIN_SELF = YES;
				CLANG_WARN_OBJC_LITERAL_CONVERSION = YES;
				CLANG_WARN_OBJC_ROOT_CLASS = YES_ERROR;
				CLANG_WARN_QUOTED_INCLUDE_IN_FRAMEWORK_HEADER = YES;
				CLANG_WARN_RANGE_LOOP_ANALYSIS = YES;
				CLANG_WARN_STRICT_PROTOTYPES = YES;
				CLANG_WARN_SUSPICIOUS_MOVE = YES;
				CLANG_WARN_UNGUARDED_AVAILABILITY = YES_AGGRESSIVE;
				CLANG_WARN_UNREACHABLE_CODE = YES;
				CLANG_WARN__DUPLICATE_METHOD_MATCH = YES;
				COPY_PHASE_STRIP = NO;
				DEBUG_INFORMATION_FORMAT = dwarf;
				ENABLE_STRICT_OBJC_MSGSEND = YES;
				ENABLE_TESTABILITY = YES;
				GCC_C_LANGUAGE_STANDARD = gnu11;
				GCC_DYNAMIC_NO_PIC = NO;
				GCC_NO_COMMON_BLOCKS = YES;
				GCC_OPTIMIZATION_LEVEL = 0;
				GCC_PREPROCESSOR_DEFINITIONS = (
					"DEBUG=1",
					"$(inherited)",
				);
				GCC_WARN_64_TO_32_BIT_CONVERSION = YES;
				GCC_WARN_ABOUT_RETURN_TYPE = YES_ERROR;
				GCC_WARN_UNDECLARED_SELECTOR = YES;
				GCC_WARN_UNINITIALIZED_AUTOS = YES_AGGRESSIVE;
				GCC_WARN_UNUSED_FUNCTION = YES;
				GCC_WARN_UNUSED_VARIABLE = YES;
				IPHONEOS_DEPLOYMENT_TARGET = 14.5;
				MTL_ENABLE_DEBUG_INFO = INCLUDE_SOURCE;
				MTL_FAST_MATH = YES;
				ONLY_ACTIVE_ARCH = YES;
				SDKROOT = iphoneos;
				SWIFT_ACTIVE_COMPILATION_CONDITIONS = DEBUG;
				SWIFT_OPTIMIZATION_LEVEL = "-Onone";
			};
			name = Debug;
		};
		A2C173DC26936FA900FBD8EC /* Release */ = {
			isa = XCBuildConfiguration;
			buildSettings = {
				ALWAYS_SEARCH_USER_PATHS = NO;
				CLANG_ANALYZER_NONNULL = YES;
				CLANG_ANALYZER_NUMBER_OBJECT_CONVERSION = YES_AGGRESSIVE;
				CLANG_CXX_LANGUAGE_STANDARD = "gnu++14";
				CLANG_CXX_LIBRARY = "libc++";
				CLANG_ENABLE_MODULES = YES;
				CLANG_ENABLE_OBJC_ARC = YES;
				CLANG_ENABLE_OBJC_WEAK = YES;
				CLANG_WARN_BLOCK_CAPTURE_AUTORELEASING = YES;
				CLANG_WARN_BOOL_CONVERSION = YES;
				CLANG_WARN_COMMA = YES;
				CLANG_WARN_CONSTANT_CONVERSION = YES;
				CLANG_WARN_DEPRECATED_OBJC_IMPLEMENTATIONS = YES;
				CLANG_WARN_DIRECT_OBJC_ISA_USAGE = YES_ERROR;
				CLANG_WARN_DOCUMENTATION_COMMENTS = YES;
				CLANG_WARN_EMPTY_BODY = YES;
				CLANG_WARN_ENUM_CONVERSION = YES;
				CLANG_WARN_INFINITE_RECURSION = YES;
				CLANG_WARN_INT_CONVERSION = YES;
				CLANG_WARN_NON_LITERAL_NULL_CONVERSION = YES;
				CLANG_WARN_OBJC_IMPLICIT_RETAIN_SELF = YES;
				CLANG_WARN_OBJC_LITERAL_CONVERSION = YES;
				CLANG_WARN_OBJC_ROOT_CLASS = YES_ERROR;
				CLANG_WARN_QUOTED_INCLUDE_IN_FRAMEWORK_HEADER = YES;
				CLANG_WARN_RANGE_LOOP_ANALYSIS = YES;
				CLANG_WARN_STRICT_PROTOTYPES = YES;
				CLANG_WARN_SUSPICIOUS_MOVE = YES;
				CLANG_WARN_UNGUARDED_AVAILABILITY = YES_AGGRESSIVE;
				CLANG_WARN_UNREACHABLE_CODE = YES;
				CLANG_WARN__DUPLICATE_METHOD_MATCH = YES;
				COPY_PHASE_STRIP = NO;
				DEBUG_INFORMATION_FORMAT = "dwarf-with-dsym";
				ENABLE_NS_ASSERTIONS = NO;
				ENABLE_STRICT_OBJC_MSGSEND = YES;
				GCC_C_LANGUAGE_STANDARD = gnu11;
				GCC_NO_COMMON_BLOCKS = YES;
				GCC_WARN_64_TO_32_BIT_CONVERSION = YES;
				GCC_WARN_ABOUT_RETURN_TYPE = YES_ERROR;
				GCC_WARN_UNDECLARED_SELECTOR = YES;
				GCC_WARN_UNINITIALIZED_AUTOS = YES_AGGRESSIVE;
				GCC_WARN_UNUSED_FUNCTION = YES;
				GCC_WARN_UNUSED_VARIABLE = YES;
				IPHONEOS_DEPLOYMENT_TARGET = 14.5;
				MTL_ENABLE_DEBUG_INFO = NO;
				MTL_FAST_MATH = YES;
				SDKROOT = iphoneos;
				SWIFT_COMPILATION_MODE = wholemodule;
				SWIFT_OPTIMIZATION_LEVEL = "-O";
				VALIDATE_PRODUCT = YES;
			};
			name = Release;
		};
		A2C173DE26936FA900FBD8EC /* Debug */ = {
			isa = XCBuildConfiguration;
			buildSettings = {
				ASSETCATALOG_COMPILER_APPICON_NAME = AppIcon;
				ASSETCATALOG_COMPILER_GLOBAL_ACCENT_COLOR_NAME = AccentColor;
				CODE_SIGN_STYLE = Automatic;
				INFOPLIST_FILE = Tabu/Info.plist;
				IPHONEOS_DEPLOYMENT_TARGET = 13.0;
				LD_RUNPATH_SEARCH_PATHS = (
					"$(inherited)",
					"@executable_path/Frameworks",
				);
				PRODUCT_BUNDLE_IDENTIFIER = ITIS.Tabu;
				PRODUCT_NAME = "$(TARGET_NAME)";
				SWIFT_VERSION = 5.0;
				TARGETED_DEVICE_FAMILY = 1;
			};
			name = Debug;
		};
		A2C173DF26936FA900FBD8EC /* Release */ = {
			isa = XCBuildConfiguration;
			buildSettings = {
				ASSETCATALOG_COMPILER_APPICON_NAME = AppIcon;
				ASSETCATALOG_COMPILER_GLOBAL_ACCENT_COLOR_NAME = AccentColor;
				CODE_SIGN_STYLE = Automatic;
				INFOPLIST_FILE = Tabu/Info.plist;
				IPHONEOS_DEPLOYMENT_TARGET = 13.0;
				LD_RUNPATH_SEARCH_PATHS = (
					"$(inherited)",
					"@executable_path/Frameworks",
				);
				PRODUCT_BUNDLE_IDENTIFIER = ITIS.Tabu;
				PRODUCT_NAME = "$(TARGET_NAME)";
				SWIFT_VERSION = 5.0;
				TARGETED_DEVICE_FAMILY = 1;
			};
			name = Release;
		};
/* End XCBuildConfiguration section */

/* Begin XCConfigurationList section */
		A2C173C426936FA800FBD8EC /* Build configuration list for PBXProject "Tabu" */ = {
			isa = XCConfigurationList;
			buildConfigurations = (
				A2C173DB26936FA900FBD8EC /* Debug */,
				A2C173DC26936FA900FBD8EC /* Release */,
			);
			defaultConfigurationIsVisible = 0;
			defaultConfigurationName = Release;
		};
		A2C173DD26936FA900FBD8EC /* Build configuration list for PBXNativeTarget "Tabu" */ = {
			isa = XCConfigurationList;
			buildConfigurations = (
				A2C173DE26936FA900FBD8EC /* Debug */,
				A2C173DF26936FA900FBD8EC /* Release */,
			);
			defaultConfigurationIsVisible = 0;
			defaultConfigurationName = Release;
		};
/* End XCConfigurationList section */
	};
	rootObject = A2C173C126936FA800FBD8EC /* Project object */;
}
